
Microsoft Visual Studio Solution File, Format Version 12.00
# Visual Studio 15
VisualStudioVersion = 15.0.28307.489
MinimumVisualStudioVersion = 10.0.40219.1
Project("{FAE04EC0-301F-11D3-BF4B-00C04F79EFBC}") = "MegaKeep", "MegaKeep\MegaKeep.csproj", "{B6BF9080-54BD-458E-A302-5AFD20A385EF}"
EndProject
Global
	GlobalSection(SolutionConfigurationPlatforms) = preSolution
		Debug|Any CPU = Debug|Any CPU
		Release|Any CPU = Release|Any CPU
	EndGlobalSection
	GlobalSection(ProjectConfigurationPlatforms) = postSolution
		{B6BF9080-54BD-458E-A302-5AFD20A385EF}.Debug|Any CPU.ActiveCfg = Debug|Any CPU
		{B6BF9080-54BD-458E-A302-5AFD20A385EF}.Debug|Any CPU.Build.0 = Debug|Any CPU
		{B6BF9080-54BD-458E-A302-5AFD20A385EF}.Release|Any CPU.ActiveCfg = Release|Any CPU
		{B6BF9080-54BD-458E-A302-5AFD20A385EF}.Release|Any CPU.Build.0 = Release|Any CPU
	EndGlobalSection
	GlobalSection(SolutionProperties) = preSolution
		HideSolutionNode = FALSE
	EndGlobalSection
	GlobalSection(ExtensibilityGlobals) = postSolution
		SolutionGuid = {2A488EE8-A60F-44C9-81C7-603260A509BD}
	EndGlobalSection
EndGlobal
